
Microsoft Visual Studio Solution File, Format Version 12.00
# Visual Studio Version 16
VisualStudioVersion = 16.0.31727.386
MinimumVisualStudioVersion = 10.0.40219.1
Project("{2150E333-8FDC-42A3-9474-1A3956D46DE8}") = "Domain", "Domain", "{3A6003DB-CCB5-49AB-A6D4-4EFF7EDD965A}"
EndProject
Project("{9A19103F-16F7-4668-BE54-9A1E7A4F7556}") = "HotelManagement.Domain.Models", "HotelManagement.Domain.Models\HotelManagement.Domain.Models.csproj", "{A1497C70-CEB6-4178-A023-CC48FC62AF7D}"
EndProject
Project("{9A19103F-16F7-4668-BE54-9A1E7A4F7556}") = "HotelManagement.Domain.Models.UnitTests", "HotelManagement.Domain.Model.UnitTests\HotelManagement.Domain.Models.UnitTests.csproj", "{99958316-EF7B-4B37-8A73-B13E3C85B0B1}"
EndProject
Project("{2150E333-8FDC-42A3-9474-1A3956D46DE8}") = "Infrastructure", "Infrastructure", "{2EDCBE19-2E14-499C-8D66-0EE2349B0413}"
EndProject
Project("{9A19103F-16F7-4668-BE54-9A1E7A4F7556}") = "HotelManagement.Infrastructure.Persistence", "HotelManagement.Infrastructure.Persistence\HotelManagement.Infrastructure.Persistence.csproj", "{EB0CCB23-B804-48DF-87CE-FBB092522489}"
EndProject
Project("{2150E333-8FDC-42A3-9474-1A3956D46DE8}") = "Application", "Application", "{41127E9A-8BEC-4219-A97A-CD594D96EEBE}"
EndProject
Project("{9A19103F-16F7-4668-BE54-9A1E7A4F7556}") = "HotelManagement.Application.Interfaces", "HotelManagement.Application.Interfaces\HotelManagement.Application.Interfaces.csproj", "{0D740E7F-7F8A-4BC9-983E-A94BF6F66A1A}"
EndProject
Project("{9A19103F-16F7-4668-BE54-9A1E7A4F7556}") = "HotelManagement.Application.Implements", "HotelManagement.Application.Implements\HotelManagement.Application.Implements.csproj", "{82C7E341-470A-4C00-B62D-3E5FA5024C05}"
EndProject
Project("{2150E333-8FDC-42A3-9474-1A3956D46DE8}") = "Api", "Api", "{0A2A94AE-3A58-4289-B15A-28139F3590B6}"
EndProject
Project("{9A19103F-16F7-4668-BE54-9A1E7A4F7556}") = "HotelManagement.Api.Host", "HotelManagement.Api.Host\HotelManagement.Api.Host.csproj", "{99B90EDD-2DDD-4D49-A0BA-774CAE42DD83}"
EndProject
Project("{9A19103F-16F7-4668-BE54-9A1E7A4F7556}") = "HotelManagement.Bootstrapper", "HotelManagement.Bootstrapper\HotelManagement.Bootstrapper.csproj", "{86BE541D-54B9-4203-B939-FAF5BDBFCC39}"
EndProject
Global
	GlobalSection(SolutionConfigurationPlatforms) = preSolution
		Debug|Any CPU = Debug|Any CPU
		Release|Any CPU = Release|Any CPU
	EndGlobalSection
	GlobalSection(ProjectConfigurationPlatforms) = postSolution
		{A1497C70-CEB6-4178-A023-CC48FC62AF7D}.Debug|Any CPU.ActiveCfg = Debug|Any CPU
		{A1497C70-CEB6-4178-A023-CC48FC62AF7D}.Debug|Any CPU.Build.0 = Debug|Any CPU
		{A1497C70-CEB6-4178-A023-CC48FC62AF7D}.Release|Any CPU.ActiveCfg = Release|Any CPU
		{A1497C70-CEB6-4178-A023-CC48FC62AF7D}.Release|Any CPU.Build.0 = Release|Any CPU
		{99958316-EF7B-4B37-8A73-B13E3C85B0B1}.Debug|Any CPU.ActiveCfg = Debug|Any CPU
		{99958316-EF7B-4B37-8A73-B13E3C85B0B1}.Debug|Any CPU.Build.0 = Debug|Any CPU
		{99958316-EF7B-4B37-8A73-B13E3C85B0B1}.Release|Any CPU.ActiveCfg = Release|Any CPU
		{99958316-EF7B-4B37-8A73-B13E3C85B0B1}.Release|Any CPU.Build.0 = Release|Any CPU
		{EB0CCB23-B804-48DF-87CE-FBB092522489}.Debug|Any CPU.ActiveCfg = Debug|Any CPU
		{EB0CCB23-B804-48DF-87CE-FBB092522489}.Debug|Any CPU.Build.0 = Debug|Any CPU
		{EB0CCB23-B804-48DF-87CE-FBB092522489}.Release|Any CPU.ActiveCfg = Release|Any CPU
		{EB0CCB23-B804-48DF-87CE-FBB092522489}.Release|Any CPU.Build.0 = Release|Any CPU
		{0D740E7F-7F8A-4BC9-983E-A94BF6F66A1A}.Debug|Any CPU.ActiveCfg = Debug|Any CPU
		{0D740E7F-7F8A-4BC9-983E-A94BF6F66A1A}.Debug|Any CPU.Build.0 = Debug|Any CPU
		{0D740E7F-7F8A-4BC9-983E-A94BF6F66A1A}.Release|Any CPU.ActiveCfg = Release|Any CPU
		{0D740E7F-7F8A-4BC9-983E-A94BF6F66A1A}.Release|Any CPU.Build.0 = Release|Any CPU
		{82C7E341-470A-4C00-B62D-3E5FA5024C05}.Debug|Any CPU.ActiveCfg = Debug|Any CPU
		{82C7E341-470A-4C00-B62D-3E5FA5024C05}.Debug|Any CPU.Build.0 = Debug|Any CPU
		{82C7E341-470A-4C00-B62D-3E5FA5024C05}.Release|Any CPU.ActiveCfg = Release|Any CPU
		{82C7E341-470A-4C00-B62D-3E5FA5024C05}.Release|Any CPU.Build.0 = Release|Any CPU
		{99B90EDD-2DDD-4D49-A0BA-774CAE42DD83}.Debug|Any CPU.ActiveCfg = Debug|Any CPU
		{99B90EDD-2DDD-4D49-A0BA-774CAE42DD83}.Debug|Any CPU.Build.0 = Debug|Any CPU
		{99B90EDD-2DDD-4D49-A0BA-774CAE42DD83}.Release|Any CPU.ActiveCfg = Release|Any CPU
		{99B90EDD-2DDD-4D49-A0BA-774CAE42DD83}.Release|Any CPU.Build.0 = Release|Any CPU
		{86BE541D-54B9-4203-B939-FAF5BDBFCC39}.Debug|Any CPU.ActiveCfg = Debug|Any CPU
		{86BE541D-54B9-4203-B939-FAF5BDBFCC39}.Debug|Any CPU.Build.0 = Debug|Any CPU
		{86BE541D-54B9-4203-B939-FAF5BDBFCC39}.Release|Any CPU.ActiveCfg = Release|Any CPU
		{86BE541D-54B9-4203-B939-FAF5BDBFCC39}.Release|Any CPU.Build.0 = Release|Any CPU
	EndGlobalSection
	GlobalSection(SolutionProperties) = preSolution
		HideSolutionNode = FALSE
	EndGlobalSection
	GlobalSection(NestedProjects) = preSolution
		{A1497C70-CEB6-4178-A023-CC48FC62AF7D} = {3A6003DB-CCB5-49AB-A6D4-4EFF7EDD965A}
		{99958316-EF7B-4B37-8A73-B13E3C85B0B1} = {3A6003DB-CCB5-49AB-A6D4-4EFF7EDD965A}
		{EB0CCB23-B804-48DF-87CE-FBB092522489} = {2EDCBE19-2E14-499C-8D66-0EE2349B0413}
		{0D740E7F-7F8A-4BC9-983E-A94BF6F66A1A} = {41127E9A-8BEC-4219-A97A-CD594D96EEBE}
		{82C7E341-470A-4C00-B62D-3E5FA5024C05} = {41127E9A-8BEC-4219-A97A-CD594D96EEBE}
		{99B90EDD-2DDD-4D49-A0BA-774CAE42DD83} = {0A2A94AE-3A58-4289-B15A-28139F3590B6}
	EndGlobalSection
	GlobalSection(ExtensibilityGlobals) = postSolution
		SolutionGuid = {4D9302DB-A6C0-4EB7-89E0-C85DB50A2FB2}
	EndGlobalSection
EndGlobal
